
Microsoft Visual Studio Solution File, Format Version 12.00
# Visual Studio Version 16
VisualStudioVersion = 16.0.30711.63
MinimumVisualStudioVersion = 10.0.40219.1
Project("{FAE04EC0-301F-11D3-BF4B-00C04F79EFBC}") = "Module3", "Module3\Module3.csproj", "{9077C573-7DB9-4F8B-B36E-7ABE614246A6}"
EndProject
Global
	GlobalSection(SolutionConfigurationPlatforms) = preSolution
		Debug|Any CPU = Debug|Any CPU
		Release|Any CPU = Release|Any CPU
	EndGlobalSection
	GlobalSection(ProjectConfigurationPlatforms) = postSolution
		{9077C573-7DB9-4F8B-B36E-7ABE614246A6}.Debug|Any CPU.ActiveCfg = Debug|Any CPU
		{9077C573-7DB9-4F8B-B36E-7ABE614246A6}.Debug|Any CPU.Build.0 = Debug|Any CPU
		{9077C573-7DB9-4F8B-B36E-7ABE614246A6}.Release|Any CPU.ActiveCfg = Release|Any CPU
		{9077C573-7DB9-4F8B-B36E-7ABE614246A6}.Release|Any CPU.Build.0 = Release|Any CPU
	EndGlobalSection
	GlobalSection(SolutionProperties) = preSolution
		HideSolutionNode = FALSE
	EndGlobalSection
	GlobalSection(ExtensibilityGlobals) = postSolution
		SolutionGuid = {FC3EF21B-8863-4039-8908-02621DD3C6B1}
	EndGlobalSection
EndGlobal
